
Microsoft Visual Studio Solution File, Format Version 12.00
# Visual Studio 15
VisualStudioVersion = 15.0.28010.2048
MinimumVisualStudioVersion = 10.0.40219.1
Project("{9A19103F-16F7-4668-BE54-9A1E7A4F7556}") = "StealthGirder", "StealthGirder\StealthGirder.csproj", "{8CE82498-A744-4FE4-8082-718B1EF274E2}"
EndProject
Project("{9A19103F-16F7-4668-BE54-9A1E7A4F7556}") = "StealthQuartz", "StealthQuartz\StealthQuartz.csproj", "{F1C17D84-F8DD-4664-8277-07244815C105}"
EndProject
Project("{2150E333-8FDC-42A3-9474-1A3956D46DE8}") = "BackHandles", "BackHandles", "{0EA62497-9031-4FF8-8E1A-91C0A00EDE31}"
EndProject
Project("{9A19103F-16F7-4668-BE54-9A1E7A4F7556}") = "StealthFTPBackHandle", "BackHandles\StealthFTPBackHandle\StealthFTPBackHandle.csproj", "{A1A34680-FB64-45DB-AE62-EC0819DC3921}"
EndProject
Project("{9A19103F-16F7-4668-BE54-9A1E7A4F7556}") = "StealthSFTPBackHandle", "BackHandles\StealthSFTPBackHandle\StealthSFTPBackHandle.csproj", "{DE4595C6-2422-4A4D-90D5-CC1AF3E810DE}"
EndProject
Project("{2150E333-8FDC-42A3-9474-1A3956D46DE8}") = "Providers", "Providers", "{2F85E218-017D-4874-8E0F-5C73980A5664}"
EndProject
Project("{9A19103F-16F7-4668-BE54-9A1E7A4F7556}") = "StealthPostgreProvider", "Providers\StealthPostgreProvider\StealthPostgreProvider.csproj", "{427495C9-9734-40AD-A3F5-4A5D4680333D}"
EndProject
Project("{9A19103F-16F7-4668-BE54-9A1E7A4F7556}") = "StealthSqlServerProvider", "Providers\StealthSqlServerProvider\StealthSqlServerProvider.csproj", "{04D18985-91B0-41BE-ACDF-F7500516486F}"
EndProject
Project("{2150E333-8FDC-42A3-9474-1A3956D46DE8}") = "Logo", "Logo", "{7B8F76B1-38A1-4E7E-8491-548258C7A5B8}"
	ProjectSection(SolutionItems) = preProject
		Stealth.png = Stealth.png
	EndProjectSection
EndProject
Project("{9A19103F-16F7-4668-BE54-9A1E7A4F7556}") = "SealthModel", "SealthModel\SealthModel.csproj", "{67964A30-0B21-44EA-ABE5-06AC68CC5117}"
EndProject
Project("{9A19103F-16F7-4668-BE54-9A1E7A4F7556}") = "StealthEmailBackHandle", "BackHandles\StealthEmailHandle\StealthEmailBackHandle.csproj", "{04125AE7-8F68-4C3D-A395-5F67DB11E025}"
EndProject
Project("{9A19103F-16F7-4668-BE54-9A1E7A4F7556}") = "StealthUI", "StealthUI\StealthUI.csproj", "{58ADDF84-BE16-4F43-83EB-A5665E1973BF}"
EndProject
Project("{9A19103F-16F7-4668-BE54-9A1E7A4F7556}") = "StealthDataBackHandle", "StealthDataHandle\StealthDataBackHandle.csproj", "{8D580293-3E02-4D52-8DEB-8425E8372573}"
EndProject
Project("{2150E333-8FDC-42A3-9474-1A3956D46DE8}") = "BuildData", "BuildData", "{F2327D4C-A37C-4300-8BB1-323B01BFAFAE}"
EndProject
Project("{9A19103F-16F7-4668-BE54-9A1E7A4F7556}") = "StealthBackHandle", "BackHandles\StealthBackHandle\StealthBackHandle.csproj", "{ADB79F33-A8FF-452D-9F1A-D0AA5F3BCD7E}"
EndProject
Project("{9A19103F-16F7-4668-BE54-9A1E7A4F7556}") = "StealthBuildData", "BuildData\StealthBuildData\StealthBuildData.csproj", "{D7071D48-B941-498A-AFFA-EEBF2718426C}"
EndProject
Project("{9A19103F-16F7-4668-BE54-9A1E7A4F7556}") = "SealthProvider", "Providers\SealthProvider\SealthProvider.csproj", "{FF5E4CBC-A8FE-4263-9FE5-8507B552200B}"
EndProject
Global
	GlobalSection(SolutionConfigurationPlatforms) = preSolution
		Debug|Any CPU = Debug|Any CPU
		Release|Any CPU = Release|Any CPU
	EndGlobalSection
	GlobalSection(ProjectConfigurationPlatforms) = postSolution
		{8CE82498-A744-4FE4-8082-718B1EF274E2}.Debug|Any CPU.ActiveCfg = Debug|Any CPU
		{8CE82498-A744-4FE4-8082-718B1EF274E2}.Debug|Any CPU.Build.0 = Debug|Any CPU
		{8CE82498-A744-4FE4-8082-718B1EF274E2}.Release|Any CPU.ActiveCfg = Release|Any CPU
		{8CE82498-A744-4FE4-8082-718B1EF274E2}.Release|Any CPU.Build.0 = Release|Any CPU
		{F1C17D84-F8DD-4664-8277-07244815C105}.Debug|Any CPU.ActiveCfg = Debug|Any CPU
		{F1C17D84-F8DD-4664-8277-07244815C105}.Debug|Any CPU.Build.0 = Debug|Any CPU
		{F1C17D84-F8DD-4664-8277-07244815C105}.Release|Any CPU.ActiveCfg = Release|Any CPU
		{F1C17D84-F8DD-4664-8277-07244815C105}.Release|Any CPU.Build.0 = Release|Any CPU
		{A1A34680-FB64-45DB-AE62-EC0819DC3921}.Debug|Any CPU.ActiveCfg = Debug|Any CPU
		{A1A34680-FB64-45DB-AE62-EC0819DC3921}.Debug|Any CPU.Build.0 = Debug|Any CPU
		{A1A34680-FB64-45DB-AE62-EC0819DC3921}.Release|Any CPU.ActiveCfg = Release|Any CPU
		{A1A34680-FB64-45DB-AE62-EC0819DC3921}.Release|Any CPU.Build.0 = Release|Any CPU
		{DE4595C6-2422-4A4D-90D5-CC1AF3E810DE}.Debug|Any CPU.ActiveCfg = Debug|Any CPU
		{DE4595C6-2422-4A4D-90D5-CC1AF3E810DE}.Debug|Any CPU.Build.0 = Debug|Any CPU
		{DE4595C6-2422-4A4D-90D5-CC1AF3E810DE}.Release|Any CPU.ActiveCfg = Release|Any CPU
		{DE4595C6-2422-4A4D-90D5-CC1AF3E810DE}.Release|Any CPU.Build.0 = Release|Any CPU
		{427495C9-9734-40AD-A3F5-4A5D4680333D}.Debug|Any CPU.ActiveCfg = Debug|Any CPU
		{427495C9-9734-40AD-A3F5-4A5D4680333D}.Debug|Any CPU.Build.0 = Debug|Any CPU
		{427495C9-9734-40AD-A3F5-4A5D4680333D}.Release|Any CPU.ActiveCfg = Release|Any CPU
		{427495C9-9734-40AD-A3F5-4A5D4680333D}.Release|Any CPU.Build.0 = Release|Any CPU
		{04D18985-91B0-41BE-ACDF-F7500516486F}.Debug|Any CPU.ActiveCfg = Debug|Any CPU
		{04D18985-91B0-41BE-ACDF-F7500516486F}.Debug|Any CPU.Build.0 = Debug|Any CPU
		{04D18985-91B0-41BE-ACDF-F7500516486F}.Release|Any CPU.ActiveCfg = Release|Any CPU
		{04D18985-91B0-41BE-ACDF-F7500516486F}.Release|Any CPU.Build.0 = Release|Any CPU
		{67964A30-0B21-44EA-ABE5-06AC68CC5117}.Debug|Any CPU.ActiveCfg = Debug|Any CPU
		{67964A30-0B21-44EA-ABE5-06AC68CC5117}.Debug|Any CPU.Build.0 = Debug|Any CPU
		{67964A30-0B21-44EA-ABE5-06AC68CC5117}.Release|Any CPU.ActiveCfg = Release|Any CPU
		{67964A30-0B21-44EA-ABE5-06AC68CC5117}.Release|Any CPU.Build.0 = Release|Any CPU
		{04125AE7-8F68-4C3D-A395-5F67DB11E025}.Debug|Any CPU.ActiveCfg = Debug|Any CPU
		{04125AE7-8F68-4C3D-A395-5F67DB11E025}.Debug|Any CPU.Build.0 = Debug|Any CPU
		{04125AE7-8F68-4C3D-A395-5F67DB11E025}.Release|Any CPU.ActiveCfg = Release|Any CPU
		{04125AE7-8F68-4C3D-A395-5F67DB11E025}.Release|Any CPU.Build.0 = Release|Any CPU
		{58ADDF84-BE16-4F43-83EB-A5665E1973BF}.Debug|Any CPU.ActiveCfg = Debug|Any CPU
		{58ADDF84-BE16-4F43-83EB-A5665E1973BF}.Debug|Any CPU.Build.0 = Debug|Any CPU
		{58ADDF84-BE16-4F43-83EB-A5665E1973BF}.Release|Any CPU.ActiveCfg = Release|Any CPU
		{58ADDF84-BE16-4F43-83EB-A5665E1973BF}.Release|Any CPU.Build.0 = Release|Any CPU
		{8D580293-3E02-4D52-8DEB-8425E8372573}.Debug|Any CPU.ActiveCfg = Debug|Any CPU
		{8D580293-3E02-4D52-8DEB-8425E8372573}.Debug|Any CPU.Build.0 = Debug|Any CPU
		{8D580293-3E02-4D52-8DEB-8425E8372573}.Release|Any CPU.ActiveCfg = Release|Any CPU
		{8D580293-3E02-4D52-8DEB-8425E8372573}.Release|Any CPU.Build.0 = Release|Any CPU
		{ADB79F33-A8FF-452D-9F1A-D0AA5F3BCD7E}.Debug|Any CPU.ActiveCfg = Debug|Any CPU
		{ADB79F33-A8FF-452D-9F1A-D0AA5F3BCD7E}.Debug|Any CPU.Build.0 = Debug|Any CPU
		{ADB79F33-A8FF-452D-9F1A-D0AA5F3BCD7E}.Release|Any CPU.ActiveCfg = Release|Any CPU
		{ADB79F33-A8FF-452D-9F1A-D0AA5F3BCD7E}.Release|Any CPU.Build.0 = Release|Any CPU
		{D7071D48-B941-498A-AFFA-EEBF2718426C}.Debug|Any CPU.ActiveCfg = Debug|Any CPU
		{D7071D48-B941-498A-AFFA-EEBF2718426C}.Debug|Any CPU.Build.0 = Debug|Any CPU
		{D7071D48-B941-498A-AFFA-EEBF2718426C}.Release|Any CPU.ActiveCfg = Release|Any CPU
		{D7071D48-B941-498A-AFFA-EEBF2718426C}.Release|Any CPU.Build.0 = Release|Any CPU
		{FF5E4CBC-A8FE-4263-9FE5-8507B552200B}.Debug|Any CPU.ActiveCfg = Debug|Any CPU
		{FF5E4CBC-A8FE-4263-9FE5-8507B552200B}.Debug|Any CPU.Build.0 = Debug|Any CPU
		{FF5E4CBC-A8FE-4263-9FE5-8507B552200B}.Release|Any CPU.ActiveCfg = Release|Any CPU
		{FF5E4CBC-A8FE-4263-9FE5-8507B552200B}.Release|Any CPU.Build.0 = Release|Any CPU
	EndGlobalSection
	GlobalSection(SolutionProperties) = preSolution
		HideSolutionNode = FALSE
	EndGlobalSection
	GlobalSection(NestedProjects) = preSolution
		{A1A34680-FB64-45DB-AE62-EC0819DC3921} = {0EA62497-9031-4FF8-8E1A-91C0A00EDE31}
		{DE4595C6-2422-4A4D-90D5-CC1AF3E810DE} = {0EA62497-9031-4FF8-8E1A-91C0A00EDE31}
		{427495C9-9734-40AD-A3F5-4A5D4680333D} = {2F85E218-017D-4874-8E0F-5C73980A5664}
		{04D18985-91B0-41BE-ACDF-F7500516486F} = {2F85E218-017D-4874-8E0F-5C73980A5664}
		{04125AE7-8F68-4C3D-A395-5F67DB11E025} = {0EA62497-9031-4FF8-8E1A-91C0A00EDE31}
		{8D580293-3E02-4D52-8DEB-8425E8372573} = {0EA62497-9031-4FF8-8E1A-91C0A00EDE31}
		{ADB79F33-A8FF-452D-9F1A-D0AA5F3BCD7E} = {0EA62497-9031-4FF8-8E1A-91C0A00EDE31}
		{D7071D48-B941-498A-AFFA-EEBF2718426C} = {F2327D4C-A37C-4300-8BB1-323B01BFAFAE}
		{FF5E4CBC-A8FE-4263-9FE5-8507B552200B} = {2F85E218-017D-4874-8E0F-5C73980A5664}
	EndGlobalSection
	GlobalSection(ExtensibilityGlobals) = postSolution
		SolutionGuid = {B0056CDA-02E4-4761-818D-8C84AE6B12B0}
	EndGlobalSection
EndGlobal
